
Microsoft Visual Studio Solution File, Format Version 12.00
# Visual Studio 15
VisualStudioVersion = 15.0.28306.52
MinimumVisualStudioVersion = 10.0.40219.1
Project("{FAE04EC0-301F-11D3-BF4B-00C04F79EFBC}") = "Projet", "Projet\Projet.csproj", "{A709653D-8FBE-4C12-AA12-D3EC690F54FF}"
EndProject
Project("{FAE04EC0-301F-11D3-BF4B-00C04F79EFBC}") = "Projet.Bean", "Projet.Bean\Projet.Bean.csproj", "{6E611713-2167-425C-BEB5-106247ED055A}"
EndProject
Project("{FAE04EC0-301F-11D3-BF4B-00C04F79EFBC}") = "Projet.Service", "Projet.Service\Projet.Service.csproj", "{4FAA1C7D-0CEB-4D9D-893C-E0F8123BBDF5}"
EndProject
Project("{FAE04EC0-301F-11D3-BF4B-00C04F79EFBC}") = "Projet.ServiceData", "Projet.ServiceData\Projet.ServiceData.csproj", "{245CE7DA-FA1A-487F-981D-637AC4A0D0D6}"
EndProject
Global
	GlobalSection(SolutionConfigurationPlatforms) = preSolution
		Debug|Any CPU = Debug|Any CPU
		Release|Any CPU = Release|Any CPU
	EndGlobalSection
	GlobalSection(ProjectConfigurationPlatforms) = postSolution
		{A709653D-8FBE-4C12-AA12-D3EC690F54FF}.Debug|Any CPU.ActiveCfg = Debug|Any CPU
		{A709653D-8FBE-4C12-AA12-D3EC690F54FF}.Debug|Any CPU.Build.0 = Debug|Any CPU
		{A709653D-8FBE-4C12-AA12-D3EC690F54FF}.Release|Any CPU.ActiveCfg = Release|Any CPU
		{A709653D-8FBE-4C12-AA12-D3EC690F54FF}.Release|Any CPU.Build.0 = Release|Any CPU
		{6E611713-2167-425C-BEB5-106247ED055A}.Debug|Any CPU.ActiveCfg = Debug|Any CPU
		{6E611713-2167-425C-BEB5-106247ED055A}.Debug|Any CPU.Build.0 = Debug|Any CPU
		{6E611713-2167-425C-BEB5-106247ED055A}.Release|Any CPU.ActiveCfg = Release|Any CPU
		{6E611713-2167-425C-BEB5-106247ED055A}.Release|Any CPU.Build.0 = Release|Any CPU
		{4FAA1C7D-0CEB-4D9D-893C-E0F8123BBDF5}.Debug|Any CPU.ActiveCfg = Debug|Any CPU
		{4FAA1C7D-0CEB-4D9D-893C-E0F8123BBDF5}.Debug|Any CPU.Build.0 = Debug|Any CPU
		{4FAA1C7D-0CEB-4D9D-893C-E0F8123BBDF5}.Release|Any CPU.ActiveCfg = Release|Any CPU
		{4FAA1C7D-0CEB-4D9D-893C-E0F8123BBDF5}.Release|Any CPU.Build.0 = Release|Any CPU
		{245CE7DA-FA1A-487F-981D-637AC4A0D0D6}.Debug|Any CPU.ActiveCfg = Debug|Any CPU
		{245CE7DA-FA1A-487F-981D-637AC4A0D0D6}.Debug|Any CPU.Build.0 = Debug|Any CPU
		{245CE7DA-FA1A-487F-981D-637AC4A0D0D6}.Release|Any CPU.ActiveCfg = Release|Any CPU
		{245CE7DA-FA1A-487F-981D-637AC4A0D0D6}.Release|Any CPU.Build.0 = Release|Any CPU
	EndGlobalSection
	GlobalSection(SolutionProperties) = preSolution
		HideSolutionNode = FALSE
	EndGlobalSection
	GlobalSection(ExtensibilityGlobals) = postSolution
		SolutionGuid = {43316E10-5D0E-49BB-B09E-CF5636BFD5BC}
	EndGlobalSection
EndGlobal
